PODS:
  - CocoaLumberjack (3.7.2):
    - CocoaLumberjack/Core (= 3.7.2)
  - CocoaLumberjack/Core (3.7.2)
  - CropViewController (2.6.0)
  - Disk (0.6.4)
  - KeychainAccess (4.2.2)
  - Kingfisher (5.15.5):
    - Kingfisher/Core (= 5.15.5)
  - Kingfisher/Core (5.15.5)
  - SVGKit (2.1.1):
    - CocoaLumberjack (~> 3.0)
  - SwiftMessages (8.0.2):
    - SwiftMessages/App (= 8.0.2)
  - SwiftMessages/App (8.0.2)

DEPENDENCIES:
  - CropViewController
  - Disk (= 0.6.4)
  - KeychainAccess
  - Kingfisher (= 5.15.5)
  - SVGKit (= 2.1.1)
  - SwiftMessages (= 8.0.2)

SPEC REPOS:
  trunk:
    - CocoaLumberjack
    - CropViewController
    - Disk
    - KeychainAccess
    - Kingfisher
    - SVGKit
    - SwiftMessages

SPEC CHECKSUMS:
  CocoaLumberjack: b7e05132ff94f6ae4dfa9d5bce9141893a21d9da
  CropViewController: 7093b39ec3cb508531b22d35773e06cecd7378d8
  Disk: dcee5c2e98fb72f9a924cde8da8435b08244a80e
  KeychainAccess: c0c4f7f38f6fc7bbe58f5702e25f7bd2f65abf51
  Kingfisher: e3ec347a5ab8817b7585ef46923a2d2b9a7d8fbe
  SVGKit: 652cdf7bef8bec8564d04a8511d3ab50c7595fac
  SwiftMessages: 633304165351b8e3dcbb81a71f8efcd86f9c1669

PODFILE CHECKSUM: ccfb39e02cfa370b3818760c63e760073b3eb27a

COCOAPODS: 1.10.1
