PODS:
  - Disk (0.6.4)
  - KeychainAccess (4.2.2)

DEPENDENCIES:
  - Disk (= 0.6.4)
  - KeychainAccess

SPEC REPOS:
  trunk:
    - Disk
    - KeychainAccess

SPEC CHECKSUMS:
  Disk: dcee5c2e98fb72f9a924cde8da8435b08244a80e
  KeychainAccess: c0c4f7f38f6fc7bbe58f5702e25f7bd2f65abf51

PODFILE CHECKSUM: af64afbcff7ed2224923e7e186d07d598ffc1e1d

COCOAPODS: 1.10.1
