// !$*UTF8*$!
{
	archiveVersion = 1;
	classes = {
	};
	objectVersion = 50;
	objects = {

/* Begin PBXBuildFile section */
		A85B6563260393FC00544697 /* Midterm_AlarmApp.swift in Sources */ = {isa = PBXBuildFile; fileRef = A85B6562260393FC00544697 /* Midterm_AlarmApp.swift */; };
		A85B6565260393FC00544697 /* ContentView.swift in Sources */ = {isa = PBXBuildFile; fileRef = A85B6564260393FC00544697 /* ContentView.swift */; };
		A85B6567260393FE00544697 /* Assets.xcassets in Resources */ = {isa = PBXBuildFile; fileRef = A85B6566260393FE00544697 /* Assets.xcassets */; };
		A85B656A260393FE00544697 /* Preview Assets.xcassets in Resources */ = {isa = PBXBuildFile; fileRef = A85B6569260393FE00544697 /* Preview Assets.xcassets */; };
		A85B65752603947C00544697 /* AlarmsViewModel.swift in Sources */ = {isa = PBXBuildFile; fileRef = A85B65742603947C00544697 /* AlarmsViewModel.swift */; };
		A85B6578260395C800544697 /* AlarmView.swift in Sources */ = {isa = PBXBuildFile; fileRef = A85B6577260395C800544697 /* AlarmView.swift */; };
		A85B657F260395E600544697 /* AlarmDetailView.swift in Sources */ = {isa = PBXBuildFile; fileRef = A85B657E260395E600544697 /* AlarmDetailView.swift */; };
/* End PBXBuildFile section */

/* Begin PBXFileReference section */
		A85B655F260393FC00544697 /* Midterm-Alarm.app */ = {isa = PBXFileReference; explicitFileType = wrapper.application; includeInIndex = 0; path = "Midterm-Alarm.app"; sourceTree = BUILT_PRODUCTS_DIR; };
		A85B6562260393FC00544697 /* Midterm_AlarmApp.swift */ = {isa = PBXFileReference; lastKnownFileType = sourcecode.swift; path = Midterm_AlarmApp.swift; sourceTree = "<group>"; };
		A85B6564260393FC00544697 /* ContentView.swift */ = {isa = PBXFileReference; lastKnownFileType = sourcecode.swift; path = ContentView.swift; sourceTree = "<group>"; };
		A85B6566260393FE00544697 /* Assets.xcassets */ = {isa = PBXFileReference; lastKnownFileType = folder.assetcatalog; path = Assets.xcassets; sourceTree = "<group>"; };
		A85B6569260393FE00544697 /* Preview Assets.xcassets */ = {isa = PBXFileReference; lastKnownFileType = folder.assetcatalog; path = "Preview Assets.xcassets"; sourceTree = "<group>"; };
		A85B656B260393FE00544697 /* Info.plist */ = {isa = PBXFileReference; lastKnownFileType = text.plist.xml; path = Info.plist; sourceTree = "<group>"; };
		A85B65742603947C00544697 /* AlarmsViewModel.swift */ = {isa = PBXFileReference; lastKnownFileType = sourcecode.swift; path = AlarmsViewModel.swift; sourceTree = "<group>"; };
		A85B6577260395C800544697 /* AlarmView.swift */ = {isa = PBXFileReference; lastKnownFileType = sourcecode.swift; path = AlarmView.swift; sourceTree = "<group>"; };
		A85B657E260395E600544697 /* AlarmDetailView.swift */ = {isa = PBXFileReference; lastKnownFileType = sourcecode.swift; path = AlarmDetailView.swift; sourceTree = "<group>"; };
/* End PBXFileReference section */

/* Begin PBXFrameworksBuildPhase section */
		A85B655C260393FC00544697 /* Frameworks */ = {
			isa = PBXFrameworksBuildPhase;
			buildActionMask = 2147483647;
			files = (
			);
			runOnlyForDeploymentPostprocessing = 0;
		};
/* End PBXFrameworksBuildPhase section */

/* Begin PBXGroup section */
		A85B6556260393FC00544697 = {
			isa = PBXGroup;
			children = (
				A85B6561260393FC00544697 /* Midterm-Alarm */,
				A85B6560260393FC00544697 /* Products */,
			);
			sourceTree = "<group>";
		};
		A85B6560260393FC00544697 /* Products */ = {
			isa = PBXGroup;
			children = (
				A85B655F260393FC00544697 /* Midterm-Alarm.app */,
			);
			name = Products;
			sourceTree = "<group>";
		};
		A85B6561260393FC00544697 /* Midterm-Alarm */ = {
			isa = PBXGroup;
			children = (
				A85B65722603946800544697 /* View */,
				A85B65732603946E00544697 /* ViewModel */,
				A85B6562260393FC00544697 /* Midterm_AlarmApp.swift */,
				A85B6566260393FE00544697 /* Assets.xcassets */,
				A85B656B260393FE00544697 /* Info.plist */,
				A85B6568260393FE00544697 /* Preview Content */,
			);
			path = "Midterm-Alarm";
			sourceTree = "<group>";
		};
		A85B6568260393FE00544697 /* Preview Content */ = {
			isa = PBXGroup;
			children = (
				A85B6569260393FE00544697 /* Preview Assets.xcassets */,
			);
			path = "Preview Content";
			sourceTree = "<group>";
		};
		A85B65722603946800544697 /* View */ = {
			isa = PBXGroup;
			children = (
				A85B6564260393FC00544697 /* ContentView.swift */,
				A85B6577260395C800544697 /* AlarmView.swift */,
				A85B657E260395E600544697 /* AlarmDetailView.swift */,
			);
			path = View;
			sourceTree = "<group>";
		};
		A85B65732603946E00544697 /* ViewModel */ = {
			isa = PBXGroup;
			children = (
				A85B65742603947C00544697 /* AlarmsViewModel.swift */,
			);
			path = ViewModel;
			sourceTree = "<group>";
		};
/* End PBXGroup section */

/* Begin PBXNativeTarget section */
		A85B655E260393FC00544697 /* Midterm-Alarm */ = {
			isa = PBXNativeTarget;
			buildConfigurationList = A85B656E260393FE00544697 /* Build configuration list for PBXNativeTarget "Midterm-Alarm" */;
			buildPhases = (
				A85B655B260393FC00544697 /* Sources */,
				A85B655C260393FC00544697 /* Frameworks */,
				A85B655D260393FC00544697 /* Resources */,
			);
			buildRules = (
			);
			dependencies = (
			);
			name = "Midterm-Alarm";
			productName = "Midterm-Alarm";
			productReference = A85B655F260393FC00544697 /* Midterm-Alarm.app */;
			productType = "com.apple.product-type.application";
		};
/* End PBXNativeTarget section */

/* Begin PBXProject section */
		A85B6557260393FC00544697 /* Project object */ = {
			isa = PBXProject;
			attributes = {
				LastSwiftUpdateCheck = 1240;
				LastUpgradeCheck = 1240;
				TargetAttributes = {
					A85B655E260393FC00544697 = {
						CreatedOnToolsVersion = 12.4;
					};
				};
			};
			buildConfigurationList = A85B655A260393FC00544697 /* Build configuration list for PBXProject "Midterm-Alarm" */;
			compatibilityVersion = "Xcode 9.3";
			developmentRegion = en;
			hasScannedForEncodings = 0;
			knownRegions = (
				en,
				Base,
			);
			mainGroup = A85B6556260393FC00544697;
			productRefGroup = A85B6560260393FC00544697 /* Products */;
			projectDirPath = "";
			projectRoot = "";
			targets = (
				A85B655E260393FC00544697 /* Midterm-Alarm */,
			);
		};
/* End PBXProject section */

/* Begin PBXResourcesBuildPhase section */
		A85B655D260393FC00544697 /* Resources */ = {
			isa = PBXResourcesBuildPhase;
			buildActionMask = 2147483647;
			files = (
				A85B656A260393FE00544697 /* Preview Assets.xcassets in Resources */,
				A85B6567260393FE00544697 /* Assets.xcassets in Resources */,
			);
			runOnlyForDeploymentPostprocessing = 0;
		};
/* End PBXResourcesBuildPhase section */

/* Begin PBXSourcesBuildPhase section */
		A85B655B260393FC00544697 /* Sources */ = {
			isa = PBXSourcesBuildPhase;
			buildActionMask = 2147483647;
			files = (
				A85B65752603947C00544697 /* AlarmsViewModel.swift in Sources */,
				A85B657F260395E600544697 /* AlarmDetailView.swift in Sources */,
				A85B6565260393FC00544697 /* ContentView.swift in Sources */,
				A85B6578260395C800544697 /* AlarmView.swift in Sources */,
				A85B6563260393FC00544697 /* Midterm_AlarmApp.swift in Sources */,
			);
			runOnlyForDeploymentPostprocessing = 0;
		};
/* End PBXSourcesBuildPhase section */

/* Begin XCBuildConfiguration section */
		A85B656C260393FE00544697 /* Debug */ = {
			isa = XCBuildConfiguration;
			buildSettings = {
				ALWAYS_SEARCH_USER_PATHS = NO;
				CLANG_ANALYZER_NONNULL = YES;
				CLANG_ANALYZER_NUMBER_OBJECT_CONVERSION = YES_AGGRESSIVE;
				CLANG_CXX_LANGUAGE_STANDARD = "gnu++14";
				CLANG_CXX_LIBRARY = "libc++";
				CLANG_ENABLE_MODULES = YES;
				CLANG_ENABLE_OBJC_ARC = YES;
				CLANG_ENABLE_OBJC_WEAK = YES;
				CLANG_WARN_BLOCK_CAPTURE_AUTORELEASING = YES;
				CLANG_WARN_BOOL_CONVERSION = YES;
				CLANG_WARN_COMMA = YES;
				CLANG_WARN_CONSTANT_CONVERSION = YES;
				CLANG_WARN_DEPRECATED_OBJC_IMPLEMENTATIONS = YES;
				CLANG_WARN_DIRECT_OBJC_ISA_USAGE = YES_ERROR;
				CLANG_WARN_DOCUMENTATION_COMMENTS = YES;
				CLANG_WARN_EMPTY_BODY = YES;
				CLANG_WARN_ENUM_CONVERSION = YES;
				CLANG_WARN_INFINITE_RECURSION = YES;
				CLANG_WARN_INT_CONVERSION = YES;
				CLANG_WARN_NON_LITERAL_NULL_CONVERSION = YES;
				CLANG_WARN_OBJC_IMPLICIT_RETAIN_SELF = YES;
				CLANG_WARN_OBJC_LITERAL_CONVERSION = YES;
				CLANG_WARN_OBJC_ROOT_CLASS = YES_ERROR;
				CLANG_WARN_QUOTED_INCLUDE_IN_FRAMEWORK_HEADER = YES;
				CLANG_WARN_RANGE_LOOP_ANALYSIS = YES;
				CLANG_WARN_STRICT_PROTOTYPES = YES;
				CLANG_WARN_SUSPICIOUS_MOVE = YES;
				CLANG_WARN_UNGUARDED_AVAILABILITY = YES_AGGRESSIVE;
				CLANG_WARN_UNREACHABLE_CODE = YES;
				CLANG_WARN__DUPLICATE_METHOD_MATCH = YES;
				COPY_PHASE_STRIP = NO;
				DEBUG_INFORMATION_FORMAT = dwarf;
				ENABLE_STRICT_OBJC_MSGSEND = YES;
				ENABLE_TESTABILITY = YES;
				GCC_C_LANGUAGE_STANDARD = gnu11;
				GCC_DYNAMIC_NO_PIC = NO;
				GCC_NO_COMMON_BLOCKS = YES;
				GCC_OPTIMIZATION_LEVEL = 0;
				GCC_PREPROCESSOR_DEFINITIONS = (
					"DEBUG=1",
					"$(inherited)",
				);
				GCC_WARN_64_TO_32_BIT_CONVERSION = YES;
				GCC_WARN_ABOUT_RETURN_TYPE = YES_ERROR;
				GCC_WARN_UNDECLARED_SELECTOR = YES;
				GCC_WARN_UNINITIALIZED_AUTOS = YES_AGGRESSIVE;
				GCC_WARN_UNUSED_FUNCTION = YES;
				GCC_WARN_UNUSED_VARIABLE = YES;
				IPHONEOS_DEPLOYMENT_TARGET = 14.4;
				MTL_ENABLE_DEBUG_INFO = INCLUDE_SOURCE;
				MTL_FAST_MATH = YES;
				ONLY_ACTIVE_ARCH = YES;
				SDKROOT = iphoneos;
				SWIFT_ACTIVE_COMPILATION_CONDITIONS = DEBUG;
				SWIFT_OPTIMIZATION_LEVEL = "-Onone";
			};
			name = Debug;
		};
		A85B656D260393FE00544697 /* Release */ = {
			isa = XCBuildConfiguration;
			buildSettings = {
				ALWAYS_SEARCH_USER_PATHS = NO;
				CLANG_ANALYZER_NONNULL = YES;
				CLANG_ANALYZER_NUMBER_OBJECT_CONVERSION = YES_AGGRESSIVE;
				CLANG_CXX_LANGUAGE_STANDARD = "gnu++14";
				CLANG_CXX_LIBRARY = "libc++";
				CLANG_ENABLE_MODULES = YES;
				CLANG_ENABLE_OBJC_ARC = YES;
				CLANG_ENABLE_OBJC_WEAK = YES;
				CLANG_WARN_BLOCK_CAPTURE_AUTORELEASING = YES;
				CLANG_WARN_BOOL_CONVERSION = YES;
				CLANG_WARN_COMMA = YES;
				CLANG_WARN_CONSTANT_CONVERSION = YES;
				CLANG_WARN_DEPRECATED_OBJC_IMPLEMENTATIONS = YES;
				CLANG_WARN_DIRECT_OBJC_ISA_USAGE = YES_ERROR;
				CLANG_WARN_DOCUMENTATION_COMMENTS = YES;
				CLANG_WARN_EMPTY_BODY = YES;
				CLANG_WARN_ENUM_CONVERSION = YES;
				CLANG_WARN_INFINITE_RECURSION = YES;
				CLANG_WARN_INT_CONVERSION = YES;
				CLANG_WARN_NON_LITERAL_NULL_CONVERSION = YES;
				CLANG_WARN_OBJC_IMPLICIT_RETAIN_SELF = YES;
				CLANG_WARN_OBJC_LITERAL_CONVERSION = YES;
				CLANG_WARN_OBJC_ROOT_CLASS = YES_ERROR;
				CLANG_WARN_QUOTED_INCLUDE_IN_FRAMEWORK_HEADER = YES;
				CLANG_WARN_RANGE_LOOP_ANALYSIS = YES;
				CLANG_WARN_STRICT_PROTOTYPES = YES;
				CLANG_WARN_SUSPICIOUS_MOVE = YES;
				CLANG_WARN_UNGUARDED_AVAILABILITY = YES_AGGRESSIVE;
				CLANG_WARN_UNREACHABLE_CODE = YES;
				CLANG_WARN__DUPLICATE_METHOD_MATCH = YES;
				COPY_PHASE_STRIP = NO;
				DEBUG_INFORMATION_FORMAT = "dwarf-with-dsym";
				ENABLE_NS_ASSERTIONS = NO;
				ENABLE_STRICT_OBJC_MSGSEND = YES;
				GCC_C_LANGUAGE_STANDARD = gnu11;
				GCC_NO_COMMON_BLOCKS = YES;
				GCC_WARN_64_TO_32_BIT_CONVERSION = YES;
				GCC_WARN_ABOUT_RETURN_TYPE = YES_ERROR;
				GCC_WARN_UNDECLARED_SELECTOR = YES;
				GCC_WARN_UNINITIALIZED_AUTOS = YES_AGGRESSIVE;
				GCC_WARN_UNUSED_FUNCTION = YES;
				GCC_WARN_UNUSED_VARIABLE = YES;
				IPHONEOS_DEPLOYMENT_TARGET = 14.4;
				MTL_ENABLE_DEBUG_INFO = NO;
				MTL_FAST_MATH = YES;
				SDKROOT = iphoneos;
				SWIFT_COMPILATION_MODE = wholemodule;
				SWIFT_OPTIMIZATION_LEVEL = "-O";
				VALIDATE_PRODUCT = YES;
			};
			name = Release;
		};
		A85B656F260393FE00544697 /* Debug */ = {
			isa = XCBuildConfiguration;
			buildSettings = {
				ASSETCATALOG_COMPILER_APPICON_NAME = AppIcon;
				ASSETCATALOG_COMPILER_GLOBAL_ACCENT_COLOR_NAME = AccentColor;
				CODE_SIGN_STYLE = Automatic;
				DEVELOPMENT_ASSET_PATHS = "\"Midterm-Alarm/Preview Content\"";
				DEVELOPMENT_TEAM = F7NM48U474;
				ENABLE_PREVIEWS = YES;
				INFOPLIST_FILE = "Midterm-Alarm/Info.plist";
				IPHONEOS_DEPLOYMENT_TARGET = 14.0;
				LD_RUNPATH_SEARCH_PATHS = (
					"$(inherited)",
					"@executable_path/Frameworks",
				);
				PRODUCT_BUNDLE_IDENTIFIER = "AlexandraBiryukova.Midterm-Alarm";
				PRODUCT_NAME = "$(TARGET_NAME)";
				SWIFT_VERSION = 5.0;
				TARGETED_DEVICE_FAMILY = "1,2";
			};
			name = Debug;
		};
		A85B6570260393FE00544697 /* Release */ = {
			isa = XCBuildConfiguration;
			buildSettings = {
				ASSETCATALOG_COMPILER_APPICON_NAME = AppIcon;
				ASSETCATALOG_COMPILER_GLOBAL_ACCENT_COLOR_NAME = AccentColor;
				CODE_SIGN_STYLE = Automatic;
				DEVELOPMENT_ASSET_PATHS = "\"Midterm-Alarm/Preview Content\"";
				DEVELOPMENT_TEAM = F7NM48U474;
				ENABLE_PREVIEWS = YES;
				INFOPLIST_FILE = "Midterm-Alarm/Info.plist";
				IPHONEOS_DEPLOYMENT_TARGET = 14.0;
				LD_RUNPATH_SEARCH_PATHS = (
					"$(inherited)",
					"@executable_path/Frameworks",
				);
				PRODUCT_BUNDLE_IDENTIFIER = "AlexandraBiryukova.Midterm-Alarm";
				PRODUCT_NAME = "$(TARGET_NAME)";
				SWIFT_VERSION = 5.0;
				TARGETED_DEVICE_FAMILY = "1,2";
			};
			name = Release;
		};
/* End XCBuildConfiguration section */

/* Begin XCConfigurationList section */
		A85B655A260393FC00544697 /* Build configuration list for PBXProject "Midterm-Alarm" */ = {
			isa = XCConfigurationList;
			buildConfigurations = (
				A85B656C260393FE00544697 /* Debug */,
				A85B656D260393FE00544697 /* Release */,
			);
			defaultConfigurationIsVisible = 0;
			defaultConfigurationName = Release;
		};
		A85B656E260393FE00544697 /* Build configuration list for PBXNativeTarget "Midterm-Alarm" */ = {
			isa = XCConfigurationList;
			buildConfigurations = (
				A85B656F260393FE00544697 /* Debug */,
				A85B6570260393FE00544697 /* Release */,
			);
			defaultConfigurationIsVisible = 0;
			defaultConfigurationName = Release;
		};
/* End XCConfigurationList section */
	};
	rootObject = A85B6557260393FC00544697 /* Project object */;
}
